
Microsoft Visual Studio Solution File, Format Version 12.00
# Visual Studio Version 17
VisualStudioVersion = 17.13.35931.197
MinimumVisualStudioVersion = 10.0.40219.1
Project("{FAE04EC0-301F-11D3-BF4B-00C04F79EFBC}") = "YTMediaControllerSrv", "YTMediaControllerSrv\YTMediaControllerSrv.csproj", "{99A09598-1B0F-4323-89ED-A7D73AFBAD1D}"
EndProject
Project("{FAE04EC0-301F-11D3-BF4B-00C04F79EFBC}") = "YTMediaControllerHost", "YTMediaControllerHost\YTMediaControllerHost.csproj", "{5E8911AC-203F-470E-BEE4-AA9ABB2C15A6}"
EndProject
Project("{FAE04EC0-301F-11D3-BF4B-00C04F79EFBC}") = "YTMediaControllerUpdaterSrv", "YTMediaControllerUpdaterSrv\YTMediaControllerUpdaterSrv.csproj", "{2E5E42BB-2246-479C-8990-5BB4CE5A9BA7}"
EndProject
Global
	GlobalSection(SolutionConfigurationPlatforms) = preSolution
		Develop|Any CPU = Develop|Any CPU
		LocalDebug|Any CPU = LocalDebug|Any CPU
		Release|Any CPU = Release|Any CPU
		Staging|Any CPU = Staging|Any CPU
	EndGlobalSection
	GlobalSection(ProjectConfigurationPlatforms) = postSolution
		{99A09598-1B0F-4323-89ED-A7D73AFBAD1D}.Develop|Any CPU.ActiveCfg = Develop|Any CPU
		{99A09598-1B0F-4323-89ED-A7D73AFBAD1D}.Develop|Any CPU.Build.0 = Develop|Any CPU
		{99A09598-1B0F-4323-89ED-A7D73AFBAD1D}.LocalDebug|Any CPU.ActiveCfg = Debug|Any CPU
		{99A09598-1B0F-4323-89ED-A7D73AFBAD1D}.LocalDebug|Any CPU.Build.0 = Debug|Any CPU
		{99A09598-1B0F-4323-89ED-A7D73AFBAD1D}.Release|Any CPU.ActiveCfg = Release|Any CPU
		{99A09598-1B0F-4323-89ED-A7D73AFBAD1D}.Release|Any CPU.Build.0 = Release|Any CPU
		{99A09598-1B0F-4323-89ED-A7D73AFBAD1D}.Staging|Any CPU.ActiveCfg = Staging|Any CPU
		{99A09598-1B0F-4323-89ED-A7D73AFBAD1D}.Staging|Any CPU.Build.0 = Staging|Any CPU
		{5E8911AC-203F-470E-BEE4-AA9ABB2C15A6}.Develop|Any CPU.ActiveCfg = Develop|Any CPU
		{5E8911AC-203F-470E-BEE4-AA9ABB2C15A6}.Develop|Any CPU.Build.0 = Develop|Any CPU
		{5E8911AC-203F-470E-BEE4-AA9ABB2C15A6}.LocalDebug|Any CPU.ActiveCfg = Debug|Any CPU
		{5E8911AC-203F-470E-BEE4-AA9ABB2C15A6}.LocalDebug|Any CPU.Build.0 = Debug|Any CPU
		{5E8911AC-203F-470E-BEE4-AA9ABB2C15A6}.Release|Any CPU.ActiveCfg = Release|Any CPU
		{5E8911AC-203F-470E-BEE4-AA9ABB2C15A6}.Release|Any CPU.Build.0 = Release|Any CPU
		{5E8911AC-203F-470E-BEE4-AA9ABB2C15A6}.Staging|Any CPU.ActiveCfg = Staging|Any CPU
		{5E8911AC-203F-470E-BEE4-AA9ABB2C15A6}.Staging|Any CPU.Build.0 = Staging|Any CPU
		{2E5E42BB-2246-479C-8990-5BB4CE5A9BA7}.Develop|Any CPU.ActiveCfg = Develop|Any CPU
		{2E5E42BB-2246-479C-8990-5BB4CE5A9BA7}.Develop|Any CPU.Build.0 = Develop|Any CPU
		{2E5E42BB-2246-479C-8990-5BB4CE5A9BA7}.LocalDebug|Any CPU.ActiveCfg = Debug|Any CPU
		{2E5E42BB-2246-479C-8990-5BB4CE5A9BA7}.LocalDebug|Any CPU.Build.0 = Debug|Any CPU
		{2E5E42BB-2246-479C-8990-5BB4CE5A9BA7}.Release|Any CPU.ActiveCfg = Release|Any CPU
		{2E5E42BB-2246-479C-8990-5BB4CE5A9BA7}.Release|Any CPU.Build.0 = Release|Any CPU
		{2E5E42BB-2246-479C-8990-5BB4CE5A9BA7}.Staging|Any CPU.ActiveCfg = Staging|Any CPU
		{2E5E42BB-2246-479C-8990-5BB4CE5A9BA7}.Staging|Any CPU.Build.0 = Staging|Any CPU
	EndGlobalSection
	GlobalSection(SolutionProperties) = preSolution
		HideSolutionNode = FALSE
	EndGlobalSection
	GlobalSection(ExtensibilityGlobals) = postSolution
		SolutionGuid = {524CEC95-3381-4BD5-AA46-DC953F72E2DF}
	EndGlobalSection
EndGlobal
